
Microsoft Visual Studio Solution File, Format Version 12.00
# Visual Studio 15
VisualStudioVersion = 15.0.26124.0
MinimumVisualStudioVersion = 15.0.26124.0
Project("{FAE04EC0-301F-11D3-BF4B-00C04F79EFBC}") = "API", "API\API.csproj", "{96709CA7-DC02-4B0D-AAD2-A2DF69841F02}"
EndProject
Project("{FAE04EC0-301F-11D3-BF4B-00C04F79EFBC}") = "Core", "Core\Core.csproj", "{005E54A8-9F87-455D-BE13-B2FBE7E1DD11}"
EndProject
Project("{FAE04EC0-301F-11D3-BF4B-00C04F79EFBC}") = "Infrastructure", "Infrastructure\Infrastructure.csproj", "{B64C520F-D86B-42B5-99B2-5DBE85D4E290}"
EndProject
Global
	GlobalSection(SolutionConfigurationPlatforms) = preSolution
		Debug|Any CPU = Debug|Any CPU
		Debug|x64 = Debug|x64
		Debug|x86 = Debug|x86
		Release|Any CPU = Release|Any CPU
		Release|x64 = Release|x64
		Release|x86 = Release|x86
	EndGlobalSection
	GlobalSection(SolutionProperties) = preSolution
		HideSolutionNode = FALSE
	EndGlobalSection
	GlobalSection(ProjectConfigurationPlatforms) = postSolution
		{96709CA7-DC02-4B0D-AAD2-A2DF69841F02}.Debug|Any CPU.ActiveCfg = Debug|Any CPU
		{96709CA7-DC02-4B0D-AAD2-A2DF69841F02}.Debug|Any CPU.Build.0 = Debug|Any CPU
		{96709CA7-DC02-4B0D-AAD2-A2DF69841F02}.Debug|x64.ActiveCfg = Debug|Any CPU
		{96709CA7-DC02-4B0D-AAD2-A2DF69841F02}.Debug|x64.Build.0 = Debug|Any CPU
		{96709CA7-DC02-4B0D-AAD2-A2DF69841F02}.Debug|x86.ActiveCfg = Debug|Any CPU
		{96709CA7-DC02-4B0D-AAD2-A2DF69841F02}.Debug|x86.Build.0 = Debug|Any CPU
		{96709CA7-DC02-4B0D-AAD2-A2DF69841F02}.Release|Any CPU.ActiveCfg = Release|Any CPU
		{96709CA7-DC02-4B0D-AAD2-A2DF69841F02}.Release|Any CPU.Build.0 = Release|Any CPU
		{96709CA7-DC02-4B0D-AAD2-A2DF69841F02}.Release|x64.ActiveCfg = Release|Any CPU
		{96709CA7-DC02-4B0D-AAD2-A2DF69841F02}.Release|x64.Build.0 = Release|Any CPU
		{96709CA7-DC02-4B0D-AAD2-A2DF69841F02}.Release|x86.ActiveCfg = Release|Any CPU
		{96709CA7-DC02-4B0D-AAD2-A2DF69841F02}.Release|x86.Build.0 = Release|Any CPU
		{005E54A8-9F87-455D-BE13-B2FBE7E1DD11}.Debug|Any CPU.ActiveCfg = Debug|Any CPU
		{005E54A8-9F87-455D-BE13-B2FBE7E1DD11}.Debug|Any CPU.Build.0 = Debug|Any CPU
		{005E54A8-9F87-455D-BE13-B2FBE7E1DD11}.Debug|x64.ActiveCfg = Debug|Any CPU
		{005E54A8-9F87-455D-BE13-B2FBE7E1DD11}.Debug|x64.Build.0 = Debug|Any CPU
		{005E54A8-9F87-455D-BE13-B2FBE7E1DD11}.Debug|x86.ActiveCfg = Debug|Any CPU
		{005E54A8-9F87-455D-BE13-B2FBE7E1DD11}.Debug|x86.Build.0 = Debug|Any CPU
		{005E54A8-9F87-455D-BE13-B2FBE7E1DD11}.Release|Any CPU.ActiveCfg = Release|Any CPU
		{005E54A8-9F87-455D-BE13-B2FBE7E1DD11}.Release|Any CPU.Build.0 = Release|Any CPU
		{005E54A8-9F87-455D-BE13-B2FBE7E1DD11}.Release|x64.ActiveCfg = Release|Any CPU
		{005E54A8-9F87-455D-BE13-B2FBE7E1DD11}.Release|x64.Build.0 = Release|Any CPU
		{005E54A8-9F87-455D-BE13-B2FBE7E1DD11}.Release|x86.ActiveCfg = Release|Any CPU
		{005E54A8-9F87-455D-BE13-B2FBE7E1DD11}.Release|x86.Build.0 = Release|Any CPU
		{B64C520F-D86B-42B5-99B2-5DBE85D4E290}.Debug|Any CPU.ActiveCfg = Debug|Any CPU
		{B64C520F-D86B-42B5-99B2-5DBE85D4E290}.Debug|Any CPU.Build.0 = Debug|Any CPU
		{B64C520F-D86B-42B5-99B2-5DBE85D4E290}.Debug|x64.ActiveCfg = Debug|Any CPU
		{B64C520F-D86B-42B5-99B2-5DBE85D4E290}.Debug|x64.Build.0 = Debug|Any CPU
		{B64C520F-D86B-42B5-99B2-5DBE85D4E290}.Debug|x86.ActiveCfg = Debug|Any CPU
		{B64C520F-D86B-42B5-99B2-5DBE85D4E290}.Debug|x86.Build.0 = Debug|Any CPU
		{B64C520F-D86B-42B5-99B2-5DBE85D4E290}.Release|Any CPU.ActiveCfg = Release|Any CPU
		{B64C520F-D86B-42B5-99B2-5DBE85D4E290}.Release|Any CPU.Build.0 = Release|Any CPU
		{B64C520F-D86B-42B5-99B2-5DBE85D4E290}.Release|x64.ActiveCfg = Release|Any CPU
		{B64C520F-D86B-42B5-99B2-5DBE85D4E290}.Release|x64.Build.0 = Release|Any CPU
		{B64C520F-D86B-42B5-99B2-5DBE85D4E290}.Release|x86.ActiveCfg = Release|Any CPU
		{B64C520F-D86B-42B5-99B2-5DBE85D4E290}.Release|x86.Build.0 = Release|Any CPU
	EndGlobalSection
EndGlobal
